// !$*UTF8*$!
{
	archiveVersion = 1;
	classes = {
	};
	objectVersion = 46;
	objects = {

/* Begin PBXBuildFile section */
		E4FAB7471CEEF6B9004D4356 /* main.m in Sources */ = {isa = PBXBuildFile; fileRef = E4FAB7461CEEF6B9004D4356 /* main.m */; };
		E4FAB74A1CEEF6B9004D4356 /* AppDelegate.m in Sources */ = {isa = PBXBuildFile; fileRef = E4FAB7491CEEF6B9004D4356 /* AppDelegate.m */; };
		E4FAB74D1CEEF6BA004D4356 /* ViewController.m in Sources */ = {isa = PBXBuildFile; fileRef = E4FAB74C1CEEF6BA004D4356 /* ViewController.m */; };
		E4FAB7501CEEF6BA004D4356 /* Main.storyboard in Resources */ = {isa = PBXBuildFile; fileRef = E4FAB74E1CEEF6BA004D4356 /* Main.storyboard */; };
		E4FAB7521CEEF6BA004D4356 /* Assets.xcassets in Resources */ = {isa = PBXBuildFile; fileRef = E4FAB7511CEEF6BA004D4356 /* Assets.xcassets */; };
		E4FAB7551CEEF6BA004D4356 /* LaunchScreen.storyboard in Resources */ = {isa = PBXBuildFile; fileRef = E4FAB7531CEEF6BA004D4356 /* LaunchScreen.storyboard */; };
		E4FAB7601CEEF6BA004D4356 /* HJYLabelTests.m in Sources */ = {isa = PBXBuildFile; fileRef = E4FAB75F1CEEF6BA004D4356 /* HJYLabelTests.m */; };
		E4FAB76B1CEEF6BA004D4356 /* HJYLabelUITests.m in Sources */ = {isa = PBXBuildFile; fileRef = E4FAB76A1CEEF6BA004D4356 /* HJYLabelUITests.m */; };
		E4FAB77A1CEEFF1F004D4356 /* HJYLabel.m in Sources */ = {isa = PBXBuildFile; fileRef = E4FAB7791CEEFF1F004D4356 /* HJYLabel.m */; };
/* End PBXBuildFile section */

/* Begin PBXContainerItemProxy section */
		E4FAB75C1CEEF6BA004D4356 /* PBXContainerItemProxy */ = {
			isa = PBXContainerItemProxy;
			containerPortal = E4FAB73A1CEEF6B9004D4356 /* Project object */;
			proxyType = 1;
			remoteGlobalIDString = E4FAB7411CEEF6B9004D4356;
			remoteInfo = HJYLabel;
		};
		E4FAB7671CEEF6BA004D4356 /* PBXContainerItemProxy */ = {
			isa = PBXContainerItemProxy;
			containerPortal = E4FAB73A1CEEF6B9004D4356 /* Project object */;
			proxyType = 1;
			remoteGlobalIDString = E4FAB7411CEEF6B9004D4356;
			remoteInfo = HJYLabel;
		};
/* End PBXContainerItemProxy section */

/* Begin PBXFileReference section */
		E4FAB7421CEEF6B9004D4356 /* HJYLabel.app */ = {isa = PBXFileReference; explicitFileType = wrapper.application; includeInIndex = 0; path = HJYLabel.app; sourceTree = BUILT_PRODUCTS_DIR; };
		E4FAB7461CEEF6B9004D4356 /* main.m */ = {isa = PBXFileReference; lastKnownFileType = sourcecode.c.objc; path = main.m; sourceTree = "<group>"; };
		E4FAB7481CEEF6B9004D4356 /* AppDelegate.h */ = {isa = PBXFileReference; lastKnownFileType = sourcecode.c.h; path = AppDelegate.h; sourceTree = "<group>"; };
		E4FAB7491CEEF6B9004D4356 /* AppDelegate.m */ = {isa = PBXFileReference; lastKnownFileType = sourcecode.c.objc; path = AppDelegate.m; sourceTree = "<group>"; };
		E4FAB74B1CEEF6B9004D4356 /* ViewController.h */ = {isa = PBXFileReference; lastKnownFileType = sourcecode.c.h; path = ViewController.h; sourceTree = "<group>"; };
		E4FAB74C1CEEF6BA004D4356 /* ViewController.m */ = {isa = PBXFileReference; lastKnownFileType = sourcecode.c.objc; path = ViewController.m; sourceTree = "<group>"; };
		E4FAB74F1CEEF6BA004D4356 /* Base */ = {isa = PBXFileReference; lastKnownFileType = file.storyboard; name = Base; path = Base.lproj/Main.storyboard; sourceTree = "<group>"; };
		E4FAB7511CEEF6BA004D4356 /* Assets.xcassets */ = {isa = PBXFileReference; lastKnownFileType = folder.assetcatalog; path = Assets.xcassets; sourceTree = "<group>"; };
		E4FAB7541CEEF6BA004D4356 /* Base */ = {isa = PBXFileReference; lastKnownFileType = file.storyboard; name = Base; path = Base.lproj/LaunchScreen.storyboard; sourceTree = "<group>"; };
		E4FAB7561CEEF6BA004D4356 /* Info.plist */ = {isa = PBXFileReference; lastKnownFileType = text.plist.xml; path = Info.plist; sourceTree = "<group>"; };
		E4FAB75B1CEEF6BA004D4356 /* HJYLabelTests.xctest */ = {isa = PBXFileReference; explicitFileType = wrapper.cfbundle; includeInIndex = 0; path = HJYLabelTests.xctest; sourceTree = BUILT_PRODUCTS_DIR; };
		E4FAB75F1CEEF6BA004D4356 /* HJYLabelTests.m */ = {isa = PBXFileReference; lastKnownFileType = sourcecode.c.objc; path = HJYLabelTests.m; sourceTree = "<group>"; };
		E4FAB7611CEEF6BA004D4356 /* Info.plist */ = {isa = PBXFileReference; lastKnownFileType = text.plist.xml; path = Info.plist; sourceTree = "<group>"; };
		E4FAB7661CEEF6BA004D4356 /* HJYLabelUITests.xctest */ = {isa = PBXFileReference; explicitFileType = wrapper.cfbundle; includeInIndex = 0; path = HJYLabelUITests.xctest; sourceTree = BUILT_PRODUCTS_DIR; };
		E4FAB76A1CEEF6BA004D4356 /* HJYLabelUITests.m */ = {isa = PBXFileReference; lastKnownFileType = sourcecode.c.objc; path = HJYLabelUITests.m; sourceTree = "<group>"; };
		E4FAB76C1CEEF6BA004D4356 /* Info.plist */ = {isa = PBXFileReference; lastKnownFileType = text.plist.xml; path = Info.plist; sourceTree = "<group>"; };
		E4FAB7781CEEFF1F004D4356 /* HJYLabel.h */ = {isa = PBXFileReference; fileEncoding = 4; lastKnownFileType = sourcecode.c.h; path = HJYLabel.h; sourceTree = "<group>"; };
		E4FAB7791CEEFF1F004D4356 /* HJYLabel.m */ = {isa = PBXFileReference; fileEncoding = 4; lastKnownFileType = sourcecode.c.objc; path = HJYLabel.m; sourceTree = "<group>"; };
/* End PBXFileReference section */

/* Begin PBXFrameworksBuildPhase section */
		E4FAB73F1CEEF6B9004D4356 /* Frameworks */ = {
			isa = PBXFrameworksBuildPhase;
			buildActionMask = 2147483647;
			files = (
			);
			runOnlyForDeploymentPostprocessing = 0;
		};
		E4FAB7581CEEF6BA004D4356 /* Frameworks */ = {
			isa = PBXFrameworksBuildPhase;
			buildActionMask = 2147483647;
			files = (
			);
			runOnlyForDeploymentPostprocessing = 0;
		};
		E4FAB7631CEEF6BA004D4356 /* Frameworks */ = {
			isa = PBXFrameworksBuildPhase;
			buildActionMask = 2147483647;
			files = (
			);
			runOnlyForDeploymentPostprocessing = 0;
		};
/* End PBXFrameworksBuildPhase section */

/* Begin PBXGroup section */
		E4FAB7391CEEF6B9004D4356 = {
			isa = PBXGroup;
			children = (
				E4FAB7441CEEF6B9004D4356 /* HJYLabel */,
				E4FAB75E1CEEF6BA004D4356 /* HJYLabelTests */,
				E4FAB7691CEEF6BA004D4356 /* HJYLabelUITests */,
				E4FAB7431CEEF6B9004D4356 /* Products */,
			);
			sourceTree = "<group>";
		};
		E4FAB7431CEEF6B9004D4356 /* Products */ = {
			isa = PBXGroup;
			children = (
				E4FAB7421CEEF6B9004D4356 /* HJYLabel.app */,
				E4FAB75B1CEEF6BA004D4356 /* HJYLabelTests.xctest */,
				E4FAB7661CEEF6BA004D4356 /* HJYLabelUITests.xctest */,
			);
			name = Products;
			sourceTree = "<group>";
		};
		E4FAB7441CEEF6B9004D4356 /* HJYLabel */ = {
			isa = PBXGroup;
			children = (
				E4FAB7481CEEF6B9004D4356 /* AppDelegate.h */,
				E4FAB7491CEEF6B9004D4356 /* AppDelegate.m */,
				E4FAB74B1CEEF6B9004D4356 /* ViewController.h */,
				E4FAB74C1CEEF6BA004D4356 /* ViewController.m */,
				E4FAB74E1CEEF6BA004D4356 /* Main.storyboard */,
				E4FAB7511CEEF6BA004D4356 /* Assets.xcassets */,
				E4FAB7531CEEF6BA004D4356 /* LaunchScreen.storyboard */,
				E4FAB7561CEEF6BA004D4356 /* Info.plist */,
				E4FAB7451CEEF6B9004D4356 /* Supporting Files */,
				E4FAB7781CEEFF1F004D4356 /* HJYLabel.h */,
				E4FAB7791CEEFF1F004D4356 /* HJYLabel.m */,
			);
			path = HJYLabel;
			sourceTree = "<group>";
		};
		E4FAB7451CEEF6B9004D4356 /* Supporting Files */ = {
			isa = PBXGroup;
			children = (
				E4FAB7461CEEF6B9004D4356 /* main.m */,
			);
			name = "Supporting Files";
			sourceTree = "<group>";
		};
		E4FAB75E1CEEF6BA004D4356 /* HJYLabelTests */ = {
			isa = PBXGroup;
			children = (
				E4FAB75F1CEEF6BA004D4356 /* HJYLabelTests.m */,
				E4FAB7611CEEF6BA004D4356 /* Info.plist */,
			);
			path = HJYLabelTests;
			sourceTree = "<group>";
		};
		E4FAB7691CEEF6BA004D4356 /* HJYLabelUITests */ = {
			isa = PBXGroup;
			children = (
				E4FAB76A1CEEF6BA004D4356 /* HJYLabelUITests.m */,
				E4FAB76C1CEEF6BA004D4356 /* Info.plist */,
			);
			path = HJYLabelUITests;
			sourceTree = "<group>";
		};
/* End PBXGroup section */

/* Begin PBXNativeTarget section */
		E4FAB7411CEEF6B9004D4356 /* HJYLabel */ = {
			isa = PBXNativeTarget;
			buildConfigurationList = E4FAB76F1CEEF6BA004D4356 /* Build configuration list for PBXNativeTarget "HJYLabel" */;
			buildPhases = (
				E4FAB73E1CEEF6B9004D4356 /* Sources */,
				E4FAB73F1CEEF6B9004D4356 /* Frameworks */,
				E4FAB7401CEEF6B9004D4356 /* Resources */,
			);
			buildRules = (
			);
			dependencies = (
			);
			name = HJYLabel;
			productName = HJYLabel;
			productReference = E4FAB7421CEEF6B9004D4356 /* HJYLabel.app */;
			productType = "com.apple.product-type.application";
		};
		E4FAB75A1CEEF6BA004D4356 /* HJYLabelTests */ = {
			isa = PBXNativeTarget;
			buildConfigurationList = E4FAB7721CEEF6BA004D4356 /* Build configuration list for PBXNativeTarget "HJYLabelTests" */;
			buildPhases = (
				E4FAB7571CEEF6BA004D4356 /* Sources */,
				E4FAB7581CEEF6BA004D4356 /* Frameworks */,
				E4FAB7591CEEF6BA004D4356 /* Resources */,
			);
			buildRules = (
			);
			dependencies = (
				E4FAB75D1CEEF6BA004D4356 /* PBXTargetDependency */,
			);
			name = HJYLabelTests;
			productName = HJYLabelTests;
			productReference = E4FAB75B1CEEF6BA004D4356 /* HJYLabelTests.xctest */;
			productType = "com.apple.product-type.bundle.unit-test";
		};
		E4FAB7651CEEF6BA004D4356 /* HJYLabelUITests */ = {
			isa = PBXNativeTarget;
			buildConfigurationList = E4FAB7751CEEF6BA004D4356 /* Build configuration list for PBXNativeTarget "HJYLabelUITests" */;
			buildPhases = (
				E4FAB7621CEEF6BA004D4356 /* Sources */,
				E4FAB7631CEEF6BA004D4356 /* Frameworks */,
				E4FAB7641CEEF6BA004D4356 /* Resources */,
			);
			buildRules = (
			);
			dependencies = (
				E4FAB7681CEEF6BA004D4356 /* PBXTargetDependency */,
			);
			name = HJYLabelUITests;
			productName = HJYLabelUITests;
			productReference = E4FAB7661CEEF6BA004D4356 /* HJYLabelUITests.xctest */;
			productType = "com.apple.product-type.bundle.ui-testing";
		};
/* End PBXNativeTarget section */

/* Begin PBXProject section */
		E4FAB73A1CEEF6B9004D4356 /* Project object */ = {
			isa = PBXProject;
			attributes = {
				LastUpgradeCheck = 0730;
				ORGANIZATIONNAME = "黄家永";
				TargetAttributes = {
					E4FAB7411CEEF6B9004D4356 = {
						CreatedOnToolsVersion = 7.3.1;
						DevelopmentTeam = 994RFJ63VS;
					};
					E4FAB75A1CEEF6BA004D4356 = {
						CreatedOnToolsVersion = 7.3.1;
						DevelopmentTeam = 994RFJ63VS;
						TestTargetID = E4FAB7411CEEF6B9004D4356;
					};
					E4FAB7651CEEF6BA004D4356 = {
						CreatedOnToolsVersion = 7.3.1;
						DevelopmentTeam = 994RFJ63VS;
						TestTargetID = E4FAB7411CEEF6B9004D4356;
					};
				};
			};
			buildConfigurationList = E4FAB73D1CEEF6B9004D4356 /* Build configuration list for PBXProject "HJYLabel" */;
			compatibilityVersion = "Xcode 3.2";
			developmentRegion = English;
			hasScannedForEncodings = 0;
			knownRegions = (
				en,
				Base,
			);
			mainGroup = E4FAB7391CEEF6B9004D4356;
			productRefGroup = E4FAB7431CEEF6B9004D4356 /* Products */;
			projectDirPath = "";
			projectRoot = "";
			targets = (
				E4FAB7411CEEF6B9004D4356 /* HJYLabel */,
				E4FAB75A1CEEF6BA004D4356 /* HJYLabelTests */,
				E4FAB7651CEEF6BA004D4356 /* HJYLabelUITests */,
			);
		};
/* End PBXProject section */

/* Begin PBXResourcesBuildPhase section */
		E4FAB7401CEEF6B9004D4356 /* Resources */ = {
			isa = PBXResourcesBuildPhase;
			buildActionMask = 2147483647;
			files = (
				E4FAB7551CEEF6BA004D4356 /* LaunchScreen.storyboard in Resources */,
				E4FAB7521CEEF6BA004D4356 /* Assets.xcassets in Resources */,
				E4FAB7501CEEF6BA004D4356 /* Main.storyboard in Resources */,
			);
			runOnlyForDeploymentPostprocessing = 0;
		};
		E4FAB7591CEEF6BA004D4356 /* Resources */ = {
			isa = PBXResourcesBuildPhase;
			buildActionMask = 2147483647;
			files = (
			);
			runOnlyForDeploymentPostprocessing = 0;
		};
		E4FAB7641CEEF6BA004D4356 /* Resources */ = {
			isa = PBXResourcesBuildPhase;
			buildActionMask = 2147483647;
			files = (
			);
			runOnlyForDeploymentPostprocessing = 0;
		};
/* End PBXResourcesBuildPhase section */

/* Begin PBXSourcesBuildPhase section */
		E4FAB73E1CEEF6B9004D4356 /* Sources */ = {
			isa = PBXSourcesBuildPhase;
			buildActionMask = 2147483647;
			files = (
				E4FAB77A1CEEFF1F004D4356 /* HJYLabel.m in Sources */,
				E4FAB74D1CEEF6BA004D4356 /* ViewController.m in Sources */,
				E4FAB74A1CEEF6B9004D4356 /* AppDelegate.m in Sources */,
				E4FAB7471CEEF6B9004D4356 /* main.m in Sources */,
			);
			runOnlyForDeploymentPostprocessing = 0;
		};
		E4FAB7571CEEF6BA004D4356 /* Sources */ = {
			isa = PBXSourcesBuildPhase;
			buildActionMask = 2147483647;
			files = (
				E4FAB7601CEEF6BA004D4356 /* HJYLabelTests.m in Sources */,
			);
			runOnlyForDeploymentPostprocessing = 0;
		};
		E4FAB7621CEEF6BA004D4356 /* Sources */ = {
			isa = PBXSourcesBuildPhase;
			buildActionMask = 2147483647;
			files = (
				E4FAB76B1CEEF6BA004D4356 /* HJYLabelUITests.m in Sources */,
			);
			runOnlyForDeploymentPostprocessing = 0;
		};
/* End PBXSourcesBuildPhase section */

/* Begin PBXTargetDependency section */
		E4FAB75D1CEEF6BA004D4356 /* PBXTargetDependency */ = {
			isa = PBXTargetDependency;
			target = E4FAB7411CEEF6B9004D4356 /* HJYLabel */;
			targetProxy = E4FAB75C1CEEF6BA004D4356 /* PBXContainerItemProxy */;
		};
		E4FAB7681CEEF6BA004D4356 /* PBXTargetDependency */ = {
			isa = PBXTargetDependency;
			target = E4FAB7411CEEF6B9004D4356 /* HJYLabel */;
			targetProxy = E4FAB7671CEEF6BA004D4356 /* PBXContainerItemProxy */;
		};
/* End PBXTargetDependency section */

/* Begin PBXVariantGroup section */
		E4FAB74E1CEEF6BA004D4356 /* Main.storyboard */ = {
			isa = PBXVariantGroup;
			children = (
				E4FAB74F1CEEF6BA004D4356 /* Base */,
			);
			name = Main.storyboard;
			sourceTree = "<group>";
		};
		E4FAB7531CEEF6BA004D4356 /* LaunchScreen.storyboard */ = {
			isa = PBXVariantGroup;
			children = (
				E4FAB7541CEEF6BA004D4356 /* Base */,
			);
			name = LaunchScreen.storyboard;
			sourceTree = "<group>";
		};
/* End PBXVariantGroup section */

/* Begin XCBuildConfiguration section */
		E4FAB76D1CEEF6BA004D4356 /* Debug */ = {
			isa = XCBuildConfiguration;
			buildSettings = {
				ALWAYS_SEARCH_USER_PATHS = NO;
				CLANG_ANALYZER_NONNULL = YES;
				CLANG_CXX_LANGUAGE_STANDARD = "gnu++0x";
				CLANG_CXX_LIBRARY = "libc++";
				CLANG_ENABLE_MODULES = YES;
				CLANG_ENABLE_OBJC_ARC = YES;
				CLANG_WARN_BOOL_CONVERSION = YES;
				CLANG_WARN_CONSTANT_CONVERSION = YES;
				CLANG_WARN_DIRECT_OBJC_ISA_USAGE = YES_ERROR;
				CLANG_WARN_EMPTY_BODY = YES;
				CLANG_WARN_ENUM_CONVERSION = YES;
				CLANG_WARN_INT_CONVERSION = YES;
				CLANG_WARN_OBJC_ROOT_CLASS = YES_ERROR;
				CLANG_WARN_UNREACHABLE_CODE = YES;
				CLANG_WARN__DUPLICATE_METHOD_MATCH = YES;
				"CODE_SIGN_IDENTITY[sdk=iphoneos*]" = "iPhone Developer";
				COPY_PHASE_STRIP = NO;
				DEBUG_INFORMATION_FORMAT = dwarf;
				ENABLE_STRICT_OBJC_MSGSEND = YES;
				ENABLE_TESTABILITY = YES;
				GCC_C_LANGUAGE_STANDARD = gnu99;
				GCC_DYNAMIC_NO_PIC = NO;
				GCC_NO_COMMON_BLOCKS = YES;
				GCC_OPTIMIZATION_LEVEL = 0;
				GCC_PREPROCESSOR_DEFINITIONS = (
					"DEBUG=1",
					"$(inherited)",
				);
				GCC_WARN_64_TO_32_BIT_CONVERSION = YES;
				GCC_WARN_ABOUT_RETURN_TYPE = YES_ERROR;
				GCC_WARN_UNDECLARED_SELECTOR = YES;
				GCC_WARN_UNINITIALIZED_AUTOS = YES_AGGRESSIVE;
				GCC_WARN_UNUSED_FUNCTION = YES;
				GCC_WARN_UNUSED_VARIABLE = YES;
				IPHONEOS_DEPLOYMENT_TARGET = 9.3;
				MTL_ENABLE_DEBUG_INFO = YES;
				ONLY_ACTIVE_ARCH = YES;
				SDKROOT = iphoneos;
				TARGETED_DEVICE_FAMILY = "1,2";
			};
			name = Debug;
		};
		E4FAB76E1CEEF6BA004D4356 /* Release */ = {
			isa = XCBuildConfiguration;
			buildSettings = {
				ALWAYS_SEARCH_USER_PATHS = NO;
				CLANG_ANALYZER_NONNULL = YES;
				CLANG_CXX_LANGUAGE_STANDARD = "gnu++0x";
				CLANG_CXX_LIBRARY = "libc++";
				CLANG_ENABLE_MODULES = YES;
				CLANG_ENABLE_OBJC_ARC = YES;
				CLANG_WARN_BOOL_CONVERSION = YES;
				CLANG_WARN_CONSTANT_CONVERSION = YES;
				CLANG_WARN_DIRECT_OBJC_ISA_USAGE = YES_ERROR;
				CLANG_WARN_EMPTY_BODY = YES;
				CLANG_WARN_ENUM_CONVERSION = YES;
				CLANG_WARN_INT_CONVERSION = YES;
				CLANG_WARN_OBJC_ROOT_CLASS = YES_ERROR;
				CLANG_WARN_UNREACHABLE_CODE = YES;
				CLANG_WARN__DUPLICATE_METHOD_MATCH = YES;
				"CODE_SIGN_IDENTITY[sdk=iphoneos*]" = "iPhone Developer";
				COPY_PHASE_STRIP = NO;
				DEBUG_INFORMATION_FORMAT = "dwarf-with-dsym";
				ENABLE_NS_ASSERTIONS = NO;
				ENABLE_STRICT_OBJC_MSGSEND = YES;
				GCC_C_LANGUAGE_STANDARD = gnu99;
				GCC_NO_COMMON_BLOCKS = YES;
				GCC_WARN_64_TO_32_BIT_CONVERSION = YES;
				GCC_WARN_ABOUT_RETURN_TYPE = YES_ERROR;
				GCC_WARN_UNDECLARED_SELECTOR = YES;
				GCC_WARN_UNINITIALIZED_AUTOS = YES_AGGRESSIVE;
				GCC_WARN_UNUSED_FUNCTION = YES;
				GCC_WARN_UNUSED_VARIABLE = YES;
				IPHONEOS_DEPLOYMENT_TARGET = 9.3;
				MTL_ENABLE_DEBUG_INFO = NO;
				SDKROOT = iphoneos;
				TARGETED_DEVICE_FAMILY = "1,2";
				VALIDATE_PRODUCT = YES;
			};
			name = Release;
		};
		E4FAB7701CEEF6BA004D4356 /* Debug */ = {
			isa = XCBuildConfiguration;
			buildSettings = {
				ASSETCATALOG_COMPILER_APPICON_NAME = AppIcon;
				INFOPLIST_FILE = HJYLabel/Info.plist;
				LD_RUNPATH_SEARCH_PATHS = "$(inherited) @executable_path/Frameworks";
				PRODUCT_BUNDLE_IDENTIFIER = "jiayong-2793-qq.com.HJYLabel";
				PRODUCT_NAME = "$(TARGET_NAME)";
			};
			name = Debug;
		};
		E4FAB7711CEEF6BA004D4356 /* Release */ = {
			isa = XCBuildConfiguration;
			buildSettings = {
				ASSETCATALOG_COMPILER_APPICON_NAME = AppIcon;
				INFOPLIST_FILE = HJYLabel/Info.plist;
				LD_RUNPATH_SEARCH_PATHS = "$(inherited) @executable_path/Frameworks";
				PRODUCT_BUNDLE_IDENTIFIER = "jiayong-2793-qq.com.HJYLabel";
				PRODUCT_NAME = "$(TARGET_NAME)";
			};
			name = Release;
		};
		E4FAB7731CEEF6BA004D4356 /* Debug */ = {
			isa = XCBuildConfiguration;
			buildSettings = {
				BUNDLE_LOADER = "$(TEST_HOST)";
				INFOPLIST_FILE = HJYLabelTests/Info.plist;
				LD_RUNPATH_SEARCH_PATHS = "$(inherited) @executable_path/Frameworks @loader_path/Frameworks";
				PRODUCT_BUNDLE_IDENTIFIER = "jiayong-2793-qq.com.HJYLabelTests";
				PRODUCT_NAME = "$(TARGET_NAME)";
				TEST_HOST = "$(BUILT_PRODUCTS_DIR)/HJYLabel.app/HJYLabel";
			};
			name = Debug;
		};
		E4FAB7741CEEF6BA004D4356 /* Release */ = {
			isa = XCBuildConfiguration;
			buildSettings = {
				BUNDLE_LOADER = "$(TEST_HOST)";
				INFOPLIST_FILE = HJYLabelTests/Info.plist;
				LD_RUNPATH_SEARCH_PATHS = "$(inherited) @executable_path/Frameworks @loader_path/Frameworks";
				PRODUCT_BUNDLE_IDENTIFIER = "jiayong-2793-qq.com.HJYLabelTests";
				PRODUCT_NAME = "$(TARGET_NAME)";
				TEST_HOST = "$(BUILT_PRODUCTS_DIR)/HJYLabel.app/HJYLabel";
			};
			name = Release;
		};
		E4FAB7761CEEF6BA004D4356 /* Debug */ = {
			isa = XCBuildConfiguration;
			buildSettings = {
				INFOPLIST_FILE = HJYLabelUITests/Info.plist;
				LD_RUNPATH_SEARCH_PATHS = "$(inherited) @executable_path/Frameworks @loader_path/Frameworks";
				PRODUCT_BUNDLE_IDENTIFIER = "jiayong-2793-qq.com.HJYLabelUITests";
				PRODUCT_NAME = "$(TARGET_NAME)";
				TEST_TARGET_NAME = HJYLabel;
			};
			name = Debug;
		};
		E4FAB7771CEEF6BA004D4356 /* Release */ = {
			isa = XCBuildConfiguration;
			buildSettings = {
				INFOPLIST_FILE = HJYLabelUITests/Info.plist;
				LD_RUNPATH_SEARCH_PATHS = "$(inherited) @executable_path/Frameworks @loader_path/Frameworks";
				PRODUCT_BUNDLE_IDENTIFIER = "jiayong-2793-qq.com.HJYLabelUITests";
				PRODUCT_NAME = "$(TARGET_NAME)";
				TEST_TARGET_NAME = HJYLabel;
			};
			name = Release;
		};
/* End XCBuildConfiguration section */

/* Begin XCConfigurationList section */
		E4FAB73D1CEEF6B9004D4356 /* Build configuration list for PBXProject "HJYLabel" */ = {
			isa = XCConfigurationList;
			buildConfigurations = (
				E4FAB76D1CEEF6BA004D4356 /* Debug */,
				E4FAB76E1CEEF6BA004D4356 /* Release */,
			);
			defaultConfigurationIsVisible = 0;
			defaultConfigurationName = Release;
		};
		E4FAB76F1CEEF6BA004D4356 /* Build configuration list for PBXNativeTarget "HJYLabel" */ = {
			isa = XCConfigurationList;
			buildConfigurations = (
				E4FAB7701CEEF6BA004D4356 /* Debug */,
				E4FAB7711CEEF6BA004D4356 /* Release */,
			);
			defaultConfigurationIsVisible = 0;
		};
		E4FAB7721CEEF6BA004D4356 /* Build configuration list for PBXNativeTarget "HJYLabelTests" */ = {
			isa = XCConfigurationList;
			buildConfigurations = (
				E4FAB7731CEEF6BA004D4356 /* Debug */,
				E4FAB7741CEEF6BA004D4356 /* Release */,
			);
			defaultConfigurationIsVisible = 0;
		};
		E4FAB7751CEEF6BA004D4356 /* Build configuration list for PBXNativeTarget "HJYLabelUITests" */ = {
			isa = XCConfigurationList;
			buildConfigurations = (
				E4FAB7761CEEF6BA004D4356 /* Debug */,
				E4FAB7771CEEF6BA004D4356 /* Release */,
			);
			defaultConfigurationIsVisible = 0;
		};
/* End XCConfigurationList section */
	};
	rootObject = E4FAB73A1CEEF6B9004D4356 /* Project object */;
}
